// !$*UTF8*$!
{
	archiveVersion = 1;
	classes = {
	};
	objectVersion = 56;
	objects = {

/* Begin PBXBuildFile section */
		D73FE48B29A9E6210000174C /* StudentLocationAPI.swift in Sources */ = {isa = PBXBuildFile; fileRef = D73FE48A29A9E6210000174C /* StudentLocationAPI.swift */; };
		D7C45B7A29A5E310008F9EE4 /* AppDelegate.swift in Sources */ = {isa = PBXBuildFile; fileRef = D7C45B7929A5E310008F9EE4 /* AppDelegate.swift */; };
		D7C45B7C29A5E310008F9EE4 /* SceneDelegate.swift in Sources */ = {isa = PBXBuildFile; fileRef = D7C45B7B29A5E310008F9EE4 /* SceneDelegate.swift */; };
		D7C45B7E29A5E310008F9EE4 /* LoginViewController.swift in Sources */ = {isa = PBXBuildFile; fileRef = D7C45B7D29A5E310008F9EE4 /* LoginViewController.swift */; };
		D7C45B8129A5E310008F9EE4 /* Main.storyboard in Resources */ = {isa = PBXBuildFile; fileRef = D7C45B7F29A5E310008F9EE4 /* Main.storyboard */; };
		D7C45B8329A5E314008F9EE4 /* Assets.xcassets in Resources */ = {isa = PBXBuildFile; fileRef = D7C45B8229A5E314008F9EE4 /* Assets.xcassets */; };
		D7C45B8629A5E314008F9EE4 /* LaunchScreen.storyboard in Resources */ = {isa = PBXBuildFile; fileRef = D7C45B8429A5E314008F9EE4 /* LaunchScreen.storyboard */; };
		D7C45B9329A61D6E008F9EE4 /* LoginAPIDetails.swift in Sources */ = {isa = PBXBuildFile; fileRef = D7C45B9229A61D6E008F9EE4 /* LoginAPIDetails.swift */; };
		D7C45B9529A621B1008F9EE4 /* GenericAPIStuff.swift in Sources */ = {isa = PBXBuildFile; fileRef = D7C45B9429A621B1008F9EE4 /* GenericAPIStuff.swift */; };
		D7C45B9829A660D5008F9EE4 /* Utils.swift in Sources */ = {isa = PBXBuildFile; fileRef = D7C45B9729A660D5008F9EE4 /* Utils.swift */; };
		D7C45B9A29A67A14008F9EE4 /* LogInResponseJSON.swift in Sources */ = {isa = PBXBuildFile; fileRef = D7C45B9929A67A14008F9EE4 /* LogInResponseJSON.swift */; };
		D7C98B1129A86A98007CE6BE /* StudentProfileTableTableViewController.swift in Sources */ = {isa = PBXBuildFile; fileRef = D7C98B1029A86A98007CE6BE /* StudentProfileTableTableViewController.swift */; };
		D7C98B1329A87BC6007CE6BE /* StudentsTabBarViewController.swift in Sources */ = {isa = PBXBuildFile; fileRef = D7C98B1229A87BC6007CE6BE /* StudentsTabBarViewController.swift */; };
		D7CD920529AA11E90063E1D5 /* StudentLocationResults.swift in Sources */ = {isa = PBXBuildFile; fileRef = D7CD920429AA11E90063E1D5 /* StudentLocationResults.swift */; };
		D7CD920729AA12640063E1D5 /* StudentProfile.swift in Sources */ = {isa = PBXBuildFile; fileRef = D7CD920629AA12640063E1D5 /* StudentProfile.swift */; };
/* End PBXBuildFile section */

/* Begin PBXFileReference section */
		D73FE48A29A9E6210000174C /* StudentLocationAPI.swift */ = {isa = PBXFileReference; lastKnownFileType = sourcecode.swift; path = StudentLocationAPI.swift; sourceTree = "<group>"; };
		D7C45B7629A5E310008F9EE4 /* On The Map.app */ = {isa = PBXFileReference; explicitFileType = wrapper.application; includeInIndex = 0; path = "On The Map.app"; sourceTree = BUILT_PRODUCTS_DIR; };
		D7C45B7929A5E310008F9EE4 /* AppDelegate.swift */ = {isa = PBXFileReference; lastKnownFileType = sourcecode.swift; path = AppDelegate.swift; sourceTree = "<group>"; };
		D7C45B7B29A5E310008F9EE4 /* SceneDelegate.swift */ = {isa = PBXFileReference; lastKnownFileType = sourcecode.swift; path = SceneDelegate.swift; sourceTree = "<group>"; };
		D7C45B7D29A5E310008F9EE4 /* LoginViewController.swift */ = {isa = PBXFileReference; lastKnownFileType = sourcecode.swift; path = LoginViewController.swift; sourceTree = "<group>"; };
		D7C45B8029A5E310008F9EE4 /* Base */ = {isa = PBXFileReference; lastKnownFileType = file.storyboard; name = Base; path = Base.lproj/Main.storyboard; sourceTree = "<group>"; };
		D7C45B8229A5E314008F9EE4 /* Assets.xcassets */ = {isa = PBXFileReference; lastKnownFileType = folder.assetcatalog; path = Assets.xcassets; sourceTree = "<group>"; };
		D7C45B8529A5E314008F9EE4 /* Base */ = {isa = PBXFileReference; lastKnownFileType = file.storyboard; name = Base; path = Base.lproj/LaunchScreen.storyboard; sourceTree = "<group>"; };
		D7C45B8729A5E314008F9EE4 /* Info.plist */ = {isa = PBXFileReference; lastKnownFileType = text.plist.xml; path = Info.plist; sourceTree = "<group>"; };
		D7C45B9229A61D6E008F9EE4 /* LoginAPIDetails.swift */ = {isa = PBXFileReference; lastKnownFileType = sourcecode.swift; path = LoginAPIDetails.swift; sourceTree = "<group>"; };
		D7C45B9429A621B1008F9EE4 /* GenericAPIStuff.swift */ = {isa = PBXFileReference; lastKnownFileType = sourcecode.swift; path = GenericAPIStuff.swift; sourceTree = "<group>"; };
		D7C45B9729A660D5008F9EE4 /* Utils.swift */ = {isa = PBXFileReference; lastKnownFileType = sourcecode.swift; path = Utils.swift; sourceTree = "<group>"; };
		D7C45B9929A67A14008F9EE4 /* LogInResponseJSON.swift */ = {isa = PBXFileReference; lastKnownFileType = sourcecode.swift; path = LogInResponseJSON.swift; sourceTree = "<group>"; };
		D7C98B1029A86A98007CE6BE /* StudentProfileTableTableViewController.swift */ = {isa = PBXFileReference; lastKnownFileType = sourcecode.swift; path = StudentProfileTableTableViewController.swift; sourceTree = "<group>"; };
		D7C98B1229A87BC6007CE6BE /* StudentsTabBarViewController.swift */ = {isa = PBXFileReference; lastKnownFileType = sourcecode.swift; path = StudentsTabBarViewController.swift; sourceTree = "<group>"; };
		D7CD920429AA11E90063E1D5 /* StudentLocationResults.swift */ = {isa = PBXFileReference; lastKnownFileType = sourcecode.swift; path = StudentLocationResults.swift; sourceTree = "<group>"; };
		D7CD920629AA12640063E1D5 /* StudentProfile.swift */ = {isa = PBXFileReference; lastKnownFileType = sourcecode.swift; path = StudentProfile.swift; sourceTree = "<group>"; };
/* End PBXFileReference section */

/* Begin PBXFrameworksBuildPhase section */
		D7C45B7329A5E310008F9EE4 /* Frameworks */ = {
			isa = PBXFrameworksBuildPhase;
			buildActionMask = 2147483647;
			files = (
			);
			runOnlyForDeploymentPostprocessing = 0;
		};
/* End PBXFrameworksBuildPhase section */

/* Begin PBXGroup section */
		D73FE48929A9E5D10000174C /* Student Location API Stuff */ = {
			isa = PBXGroup;
			children = (
				D73FE48A29A9E6210000174C /* StudentLocationAPI.swift */,
				D7CD920429AA11E90063E1D5 /* StudentLocationResults.swift */,
				D7CD920629AA12640063E1D5 /* StudentProfile.swift */,
			);
			path = "Student Location API Stuff";
			sourceTree = "<group>";
		};
		D7C45B6D29A5E310008F9EE4 = {
			isa = PBXGroup;
			children = (
				D7C45B7829A5E310008F9EE4 /* On The Map */,
				D7C45B7729A5E310008F9EE4 /* Products */,
			);
			sourceTree = "<group>";
		};
		D7C45B7729A5E310008F9EE4 /* Products */ = {
			isa = PBXGroup;
			children = (
				D7C45B7629A5E310008F9EE4 /* On The Map.app */,
			);
			name = Products;
			sourceTree = "<group>";
		};
		D7C45B7829A5E310008F9EE4 /* On The Map */ = {
			isa = PBXGroup;
			children = (
				D7C45B9029A5F05D008F9EE4 /* Views */,
				D7C45B8F29A5F046008F9EE4 /* Controllers */,
				D7C45B8E29A5E355008F9EE4 /* Models */,
				D7C45B8D29A5E335008F9EE4 /* Assets */,
				D7C45B7929A5E310008F9EE4 /* AppDelegate.swift */,
				D7C45B7B29A5E310008F9EE4 /* SceneDelegate.swift */,
				D7C45B8729A5E314008F9EE4 /* Info.plist */,
			);
			path = "On The Map";
			sourceTree = "<group>";
		};
		D7C45B8D29A5E335008F9EE4 /* Assets */ = {
			isa = PBXGroup;
			children = (
				D7C45B8229A5E314008F9EE4 /* Assets.xcassets */,
				D7C45B8429A5E314008F9EE4 /* LaunchScreen.storyboard */,
			);
			path = Assets;
			sourceTree = "<group>";
		};
		D7C45B8E29A5E355008F9EE4 /* Models */ = {
			isa = PBXGroup;
			children = (
				D73FE48929A9E5D10000174C /* Student Location API Stuff */,
				D7C45B9629A660B6008F9EE4 /* BaseAppUtils */,
				D7C45B9129A617B9008F9EE4 /* Udacity Login API Stuff */,
				D7C45B9429A621B1008F9EE4 /* GenericAPIStuff.swift */,
			);
			path = Models;
			sourceTree = "<group>";
		};
		D7C45B8F29A5F046008F9EE4 /* Controllers */ = {
			isa = PBXGroup;
			children = (
				D7C45B7D29A5E310008F9EE4 /* LoginViewController.swift */,
				D7C98B1029A86A98007CE6BE /* StudentProfileTableTableViewController.swift */,
				D7C98B1229A87BC6007CE6BE /* StudentsTabBarViewController.swift */,
			);
			path = Controllers;
			sourceTree = "<group>";
		};
		D7C45B9029A5F05D008F9EE4 /* Views */ = {
			isa = PBXGroup;
			children = (
				D7C45B7F29A5E310008F9EE4 /* Main.storyboard */,
			);
			path = Views;
			sourceTree = "<group>";
		};
		D7C45B9129A617B9008F9EE4 /* Udacity Login API Stuff */ = {
			isa = PBXGroup;
			children = (
				D7C45B9229A61D6E008F9EE4 /* LoginAPIDetails.swift */,
				D7C45B9929A67A14008F9EE4 /* LogInResponseJSON.swift */,
			);
			path = "Udacity Login API Stuff";
			sourceTree = "<group>";
		};
		D7C45B9629A660B6008F9EE4 /* BaseAppUtils */ = {
			isa = PBXGroup;
			children = (
				D7C45B9729A660D5008F9EE4 /* Utils.swift */,
			);
			path = BaseAppUtils;
			sourceTree = "<group>";
		};
/* End PBXGroup section */

/* Begin PBXNativeTarget section */
		D7C45B7529A5E310008F9EE4 /* On The Map */ = {
			isa = PBXNativeTarget;
			buildConfigurationList = D7C45B8A29A5E314008F9EE4 /* Build configuration list for PBXNativeTarget "On The Map" */;
			buildPhases = (
				D7C45B7229A5E310008F9EE4 /* Sources */,
				D7C45B7329A5E310008F9EE4 /* Frameworks */,
				D7C45B7429A5E310008F9EE4 /* Resources */,
			);
			buildRules = (
			);
			dependencies = (
			);
			name = "On The Map";
			productName = "On The Map";
			productReference = D7C45B7629A5E310008F9EE4 /* On The Map.app */;
			productType = "com.apple.product-type.application";
		};
/* End PBXNativeTarget section */

/* Begin PBXProject section */
		D7C45B6E29A5E310008F9EE4 /* Project object */ = {
			isa = PBXProject;
			attributes = {
				BuildIndependentTargetsInParallel = 1;
				LastSwiftUpdateCheck = 1420;
				LastUpgradeCheck = 1420;
				TargetAttributes = {
					D7C45B7529A5E310008F9EE4 = {
						CreatedOnToolsVersion = 14.2;
					};
				};
			};
			buildConfigurationList = D7C45B7129A5E310008F9EE4 /* Build configuration list for PBXProject "On The Map" */;
			compatibilityVersion = "Xcode 14.0";
			developmentRegion = en;
			hasScannedForEncodings = 0;
			knownRegions = (
				en,
				Base,
			);
			mainGroup = D7C45B6D29A5E310008F9EE4;
			productRefGroup = D7C45B7729A5E310008F9EE4 /* Products */;
			projectDirPath = "";
			projectRoot = "";
			targets = (
				D7C45B7529A5E310008F9EE4 /* On The Map */,
			);
		};
/* End PBXProject section */

/* Begin PBXResourcesBuildPhase section */
		D7C45B7429A5E310008F9EE4 /* Resources */ = {
			isa = PBXResourcesBuildPhase;
			buildActionMask = 2147483647;
			files = (
				D7C45B8629A5E314008F9EE4 /* LaunchScreen.storyboard in Resources */,
				D7C45B8329A5E314008F9EE4 /* Assets.xcassets in Resources */,
				D7C45B8129A5E310008F9EE4 /* Main.storyboard in Resources */,
			);
			runOnlyForDeploymentPostprocessing = 0;
		};
/* End PBXResourcesBuildPhase section */

/* Begin PBXSourcesBuildPhase section */
		D7C45B7229A5E310008F9EE4 /* Sources */ = {
			isa = PBXSourcesBuildPhase;
			buildActionMask = 2147483647;
			files = (
				D7C45B7E29A5E310008F9EE4 /* LoginViewController.swift in Sources */,
				D7C45B9529A621B1008F9EE4 /* GenericAPIStuff.swift in Sources */,
				D7C45B9329A61D6E008F9EE4 /* LoginAPIDetails.swift in Sources */,
				D7C45B7A29A5E310008F9EE4 /* AppDelegate.swift in Sources */,
				D7C45B7C29A5E310008F9EE4 /* SceneDelegate.swift in Sources */,
				D7C45B9A29A67A14008F9EE4 /* LogInResponseJSON.swift in Sources */,
				D7C98B1129A86A98007CE6BE /* StudentProfileTableTableViewController.swift in Sources */,
				D7C98B1329A87BC6007CE6BE /* StudentsTabBarViewController.swift in Sources */,
				D7C45B9829A660D5008F9EE4 /* Utils.swift in Sources */,
				D7CD920529AA11E90063E1D5 /* StudentLocationResults.swift in Sources */,
				D73FE48B29A9E6210000174C /* StudentLocationAPI.swift in Sources */,
				D7CD920729AA12640063E1D5 /* StudentProfile.swift in Sources */,
			);
			runOnlyForDeploymentPostprocessing = 0;
		};
/* End PBXSourcesBuildPhase section */

/* Begin PBXVariantGroup section */
		D7C45B7F29A5E310008F9EE4 /* Main.storyboard */ = {
			isa = PBXVariantGroup;
			children = (
				D7C45B8029A5E310008F9EE4 /* Base */,
			);
			name = Main.storyboard;
			sourceTree = "<group>";
		};
		D7C45B8429A5E314008F9EE4 /* LaunchScreen.storyboard */ = {
			isa = PBXVariantGroup;
			children = (
				D7C45B8529A5E314008F9EE4 /* Base */,
			);
			name = LaunchScreen.storyboard;
			sourceTree = "<group>";
		};
/* End PBXVariantGroup section */

/* Begin XCBuildConfiguration section */
		D7C45B8829A5E314008F9EE4 /* Debug */ = {
			isa = XCBuildConfiguration;
			buildSettings = {
				ALWAYS_SEARCH_USER_PATHS = NO;
				CLANG_ANALYZER_NONNULL = YES;
				CLANG_ANALYZER_NUMBER_OBJECT_CONVERSION = YES_AGGRESSIVE;
				CLANG_CXX_LANGUAGE_STANDARD = "gnu++20";
				CLANG_ENABLE_MODULES = YES;
				CLANG_ENABLE_OBJC_ARC = YES;
				CLANG_ENABLE_OBJC_WEAK = YES;
				CLANG_WARN_BLOCK_CAPTURE_AUTORELEASING = YES;
				CLANG_WARN_BOOL_CONVERSION = YES;
				CLANG_WARN_COMMA = YES;
				CLANG_WARN_CONSTANT_CONVERSION = YES;
				CLANG_WARN_DEPRECATED_OBJC_IMPLEMENTATIONS = YES;
				CLANG_WARN_DIRECT_OBJC_ISA_USAGE = YES_ERROR;
				CLANG_WARN_DOCUMENTATION_COMMENTS = YES;
				CLANG_WARN_EMPTY_BODY = YES;
				CLANG_WARN_ENUM_CONVERSION = YES;
				CLANG_WARN_INFINITE_RECURSION = YES;
				CLANG_WARN_INT_CONVERSION = YES;
				CLANG_WARN_NON_LITERAL_NULL_CONVERSION = YES;
				CLANG_WARN_OBJC_IMPLICIT_RETAIN_SELF = YES;
				CLANG_WARN_OBJC_LITERAL_CONVERSION = YES;
				CLANG_WARN_OBJC_ROOT_CLASS = YES_ERROR;
				CLANG_WARN_QUOTED_INCLUDE_IN_FRAMEWORK_HEADER = YES;
				CLANG_WARN_RANGE_LOOP_ANALYSIS = YES;
				CLANG_WARN_STRICT_PROTOTYPES = YES;
				CLANG_WARN_SUSPICIOUS_MOVE = YES;
				CLANG_WARN_UNGUARDED_AVAILABILITY = YES_AGGRESSIVE;
				CLANG_WARN_UNREACHABLE_CODE = YES;
				CLANG_WARN__DUPLICATE_METHOD_MATCH = YES;
				COPY_PHASE_STRIP = NO;
				DEBUG_INFORMATION_FORMAT = dwarf;
				ENABLE_STRICT_OBJC_MSGSEND = YES;
				ENABLE_TESTABILITY = YES;
				GCC_C_LANGUAGE_STANDARD = gnu11;
				GCC_DYNAMIC_NO_PIC = NO;
				GCC_NO_COMMON_BLOCKS = YES;
				GCC_OPTIMIZATION_LEVEL = 0;
				GCC_PREPROCESSOR_DEFINITIONS = (
					"DEBUG=1",
					"$(inherited)",
				);
				GCC_WARN_64_TO_32_BIT_CONVERSION = YES;
				GCC_WARN_ABOUT_RETURN_TYPE = YES_ERROR;
				GCC_WARN_UNDECLARED_SELECTOR = YES;
				GCC_WARN_UNINITIALIZED_AUTOS = YES_AGGRESSIVE;
				GCC_WARN_UNUSED_FUNCTION = YES;
				GCC_WARN_UNUSED_VARIABLE = YES;
				IPHONEOS_DEPLOYMENT_TARGET = 16.2;
				MTL_ENABLE_DEBUG_INFO = INCLUDE_SOURCE;
				MTL_FAST_MATH = YES;
				ONLY_ACTIVE_ARCH = YES;
				SDKROOT = iphoneos;
				SWIFT_ACTIVE_COMPILATION_CONDITIONS = DEBUG;
				SWIFT_OPTIMIZATION_LEVEL = "-Onone";
			};
			name = Debug;
		};
		D7C45B8929A5E314008F9EE4 /* Release */ = {
			isa = XCBuildConfiguration;
			buildSettings = {
				ALWAYS_SEARCH_USER_PATHS = NO;
				CLANG_ANALYZER_NONNULL = YES;
				CLANG_ANALYZER_NUMBER_OBJECT_CONVERSION = YES_AGGRESSIVE;
				CLANG_CXX_LANGUAGE_STANDARD = "gnu++20";
				CLANG_ENABLE_MODULES = YES;
				CLANG_ENABLE_OBJC_ARC = YES;
				CLANG_ENABLE_OBJC_WEAK = YES;
				CLANG_WARN_BLOCK_CAPTURE_AUTORELEASING = YES;
				CLANG_WARN_BOOL_CONVERSION = YES;
				CLANG_WARN_COMMA = YES;
				CLANG_WARN_CONSTANT_CONVERSION = YES;
				CLANG_WARN_DEPRECATED_OBJC_IMPLEMENTATIONS = YES;
				CLANG_WARN_DIRECT_OBJC_ISA_USAGE = YES_ERROR;
				CLANG_WARN_DOCUMENTATION_COMMENTS = YES;
				CLANG_WARN_EMPTY_BODY = YES;
				CLANG_WARN_ENUM_CONVERSION = YES;
				CLANG_WARN_INFINITE_RECURSION = YES;
				CLANG_WARN_INT_CONVERSION = YES;
				CLANG_WARN_NON_LITERAL_NULL_CONVERSION = YES;
				CLANG_WARN_OBJC_IMPLICIT_RETAIN_SELF = YES;
				CLANG_WARN_OBJC_LITERAL_CONVERSION = YES;
				CLANG_WARN_OBJC_ROOT_CLASS = YES_ERROR;
				CLANG_WARN_QUOTED_INCLUDE_IN_FRAMEWORK_HEADER = YES;
				CLANG_WARN_RANGE_LOOP_ANALYSIS = YES;
				CLANG_WARN_STRICT_PROTOTYPES = YES;
				CLANG_WARN_SUSPICIOUS_MOVE = YES;
				CLANG_WARN_UNGUARDED_AVAILABILITY = YES_AGGRESSIVE;
				CLANG_WARN_UNREACHABLE_CODE = YES;
				CLANG_WARN__DUPLICATE_METHOD_MATCH = YES;
				COPY_PHASE_STRIP = NO;
				DEBUG_INFORMATION_FORMAT = "dwarf-with-dsym";
				ENABLE_NS_ASSERTIONS = NO;
				ENABLE_STRICT_OBJC_MSGSEND = YES;
				GCC_C_LANGUAGE_STANDARD = gnu11;
				GCC_NO_COMMON_BLOCKS = YES;
				GCC_WARN_64_TO_32_BIT_CONVERSION = YES;
				GCC_WARN_ABOUT_RETURN_TYPE = YES_ERROR;
				GCC_WARN_UNDECLARED_SELECTOR = YES;
				GCC_WARN_UNINITIALIZED_AUTOS = YES_AGGRESSIVE;
				GCC_WARN_UNUSED_FUNCTION = YES;
				GCC_WARN_UNUSED_VARIABLE = YES;
				IPHONEOS_DEPLOYMENT_TARGET = 16.2;
				MTL_ENABLE_DEBUG_INFO = NO;
				MTL_FAST_MATH = YES;
				SDKROOT = iphoneos;
				SWIFT_COMPILATION_MODE = wholemodule;
				SWIFT_OPTIMIZATION_LEVEL = "-O";
				VALIDATE_PRODUCT = YES;
			};
			name = Release;
		};
		D7C45B8B29A5E314008F9EE4 /* Debug */ = {
			isa = XCBuildConfiguration;
			buildSettings = {
				ASSETCATALOG_COMPILER_APPICON_NAME = AppIcon;
				ASSETCATALOG_COMPILER_GLOBAL_ACCENT_COLOR_NAME = AccentColor;
				CODE_SIGN_STYLE = Automatic;
				CURRENT_PROJECT_VERSION = 1;
				GENERATE_INFOPLIST_FILE = YES;
				INFOPLIST_FILE = "On The Map/Info.plist";
				INFOPLIST_KEY_UIApplicationSupportsIndirectInputEvents = YES;
				INFOPLIST_KEY_UILaunchStoryboardName = LaunchScreen;
				INFOPLIST_KEY_UIMainStoryboardFile = Main;
				INFOPLIST_KEY_UISupportedInterfaceOrientations_iPad = "UIInterfaceOrientationPortrait UIInterfaceOrientationPortraitUpsideDown UIInterfaceOrientationLandscapeLeft UIInterfaceOrientationLandscapeRight";
				INFOPLIST_KEY_UISupportedInterfaceOrientations_iPhone = "UIInterfaceOrientationPortrait UIInterfaceOrientationLandscapeLeft UIInterfaceOrientationLandscapeRight";
				LD_RUNPATH_SEARCH_PATHS = (
					"$(inherited)",
					"@executable_path/Frameworks",
				);
				MARKETING_VERSION = 1.0;
				PRODUCT_BUNDLE_IDENTIFIER = "Learning.On-The-Map";
				PRODUCT_NAME = "$(TARGET_NAME)";
				SWIFT_EMIT_LOC_STRINGS = YES;
				SWIFT_VERSION = 5.0;
				TARGETED_DEVICE_FAMILY = "1,2";
			};
			name = Debug;
		};
		D7C45B8C29A5E314008F9EE4 /* Release */ = {
			isa = XCBuildConfiguration;
			buildSettings = {
				ASSETCATALOG_COMPILER_APPICON_NAME = AppIcon;
				ASSETCATALOG_COMPILER_GLOBAL_ACCENT_COLOR_NAME = AccentColor;
				CODE_SIGN_STYLE = Automatic;
				CURRENT_PROJECT_VERSION = 1;
				GENERATE_INFOPLIST_FILE = YES;
				INFOPLIST_FILE = "On The Map/Info.plist";
				INFOPLIST_KEY_UIApplicationSupportsIndirectInputEvents = YES;
				INFOPLIST_KEY_UILaunchStoryboardName = LaunchScreen;
				INFOPLIST_KEY_UIMainStoryboardFile = Main;
				INFOPLIST_KEY_UISupportedInterfaceOrientations_iPad = "UIInterfaceOrientationPortrait UIInterfaceOrientationPortraitUpsideDown UIInterfaceOrientationLandscapeLeft UIInterfaceOrientationLandscapeRight";
				INFOPLIST_KEY_UISupportedInterfaceOrientations_iPhone = "UIInterfaceOrientationPortrait UIInterfaceOrientationLandscapeLeft UIInterfaceOrientationLandscapeRight";
				LD_RUNPATH_SEARCH_PATHS = (
					"$(inherited)",
					"@executable_path/Frameworks",
				);
				MARKETING_VERSION = 1.0;
				PRODUCT_BUNDLE_IDENTIFIER = "Learning.On-The-Map";
				PRODUCT_NAME = "$(TARGET_NAME)";
				SWIFT_EMIT_LOC_STRINGS = YES;
				SWIFT_VERSION = 5.0;
				TARGETED_DEVICE_FAMILY = "1,2";
			};
			name = Release;
		};
/* End XCBuildConfiguration section */

/* Begin XCConfigurationList section */
		D7C45B7129A5E310008F9EE4 /* Build configuration list for PBXProject "On The Map" */ = {
			isa = XCConfigurationList;
			buildConfigurations = (
				D7C45B8829A5E314008F9EE4 /* Debug */,
				D7C45B8929A5E314008F9EE4 /* Release */,
			);
			defaultConfigurationIsVisible = 0;
			defaultConfigurationName = Release;
		};
		D7C45B8A29A5E314008F9EE4 /* Build configuration list for PBXNativeTarget "On The Map" */ = {
			isa = XCConfigurationList;
			buildConfigurations = (
				D7C45B8B29A5E314008F9EE4 /* Debug */,
				D7C45B8C29A5E314008F9EE4 /* Release */,
			);
			defaultConfigurationIsVisible = 0;
			defaultConfigurationName = Release;
		};
/* End XCConfigurationList section */
	};
	rootObject = D7C45B6E29A5E310008F9EE4 /* Project object */;
}
